<?xml version="1.0" encoding="utf-8"?>
<Project ToolsVersion="4.0" xmlns="http://schemas.microsoft.com/developer/msbuild/2003">
  <ItemGroup>
    <Filter Include="Source Files">
      <UniqueIdentifier>{3b0c9e64-b2f6-49b5-9cff-b8fbeb72e5fa}</UniqueIdentifier>
      <Extensions>cpp;c;cxx;rc;def;r;odl;idl;hpj;bat</Extensions>
    </Filter>
    <Filter Include="Header Files">
      <UniqueIdentifier>{6fb63ce1-350f-4fc4-bf35-ce072c9e0d75}</UniqueIdentifier>
      <Extensions>h;hpp;hxx;hm;inl</Extensions>
    </Filter>
    <Filter Include="Resource Files">
      <UniqueIdentifier>{20b09d71-ec6c-4867-9d96-7409725fdead}</UniqueIdentifier>
      <Extensions>ico;cur;bmp;dlg;rc2;rct;bin;cnt;rtf;gif;jpg;jpeg;jpe</Extensions>
    </Filter>
  </ItemGroup>
  <ItemGroup>
    <ClCompile Include="CDIB.CPP">
      <Filter>Source Files</Filter>
    </ClCompile>
    <ClCompile Include="DlgArea.cpp">
      <Filter>Source Files</Filter>
    </ClCompile>
    <ClCompile Include="DSplit.cpp">
      <Filter>Source Files</Filter>
    </ClCompile>
    <ClCompile Include="DSplitDoc.cpp">
      <Filter>Source Files</Filter>
    </ClCompile>
    <ClCompile Include="DSplitView.cpp">
      <Filter>Source Files</Filter>
    </ClCompile>
    <ClCompile Include="DynSplitterWnd.cpp">
      <Filter>Source Files</Filter>
    </ClCompile>
    <ClCompile Include="DynSplitView2.cpp">
      <Filter>Source Files</Filter>
    </ClCompile>
    <ClCompile Include="MainFrm.cpp">
      <Filter>Source Files</Filter>
    </ClCompile>
    <ClCompile Include="StdAfx.cpp">
      <Filter>Source Files</Filter>
    </ClCompile>
    <ClCompile Include="TeXiaoXianShiDib.cpp">
      <Filter>Source Files</Filter>
    </ClCompile>
  </ItemGroup>
  <ItemGroup>
    <ResourceCompile Include="DSplit.rc">
      <Filter>Source Files</Filter>
    </ResourceCompile>
  </ItemGroup>
  <ItemGroup>
    <ClInclude Include="Cdib.h">
      <Filter>Header Files</Filter>
    </ClInclude>
    <ClInclude Include="chhhh.h">
      <Filter>Header Files</Filter>
    </ClInclude>
    <ClInclude Include="DlgArea.h">
      <Filter>Header Files</Filter>
    </ClInclude>
    <ClInclude Include="DSplit.h">
      <Filter>Header Files</Filter>
    </ClInclude>
    <ClInclude Include="DSplitDoc.h">
      <Filter>Header Files</Filter>
    </ClInclude>
    <ClInclude Include="DSplitView.h">
      <Filter>Header Files</Filter>
    </ClInclude>
    <ClInclude Include="DynSplitterWnd.h">
      <Filter>Header Files</Filter>
    </ClInclude>
    <ClInclude Include="DynSplitView2.h">
      <Filter>Header Files</Filter>
    </ClInclude>
    <ClInclude Include="MainFrm.h">
      <Filter>Header Files</Filter>
    </ClInclude>
    <ClInclude Include="Resource.h">
      <Filter>Header Files</Filter>
    </ClInclude>
    <ClInclude Include="StdAfx.h">
      <Filter>Header Files</Filter>
    </ClInclude>
    <ClInclude Include="TeXiaoXianShiDib.h">
      <Filter>Header Files</Filter>
    </ClInclude>
  </ItemGroup>
  <ItemGroup>
    <CustomBuild Include="res\DSplit.ico">
      <Filter>Resource Files</Filter>
    </CustomBuild>
    <CustomBuild Include="res\DSplit.rc2">
      <Filter>Resource Files</Filter>
    </CustomBuild>
    <CustomBuild Include="res\DSplitDoc.ico">
      <Filter>Resource Files</Filter>
    </CustomBuild>
    <CustomBuild Include="res\Toolbar.bmp">
      <Filter>Resource Files</Filter>
    </CustomBuild>
    <CustomBuild Include="ReadMe.txt" />
  </ItemGroup>
</Project>