<?xml version="1.0" encoding="utf-8"?>
<Project ToolsVersion="4.0" xmlns="http://schemas.microsoft.com/developer/msbuild/2003">
  <ItemGroup>
    <Filter Include="Source Files">
      <UniqueIdentifier>{9e3e26e2-1bec-4612-8424-9d1679cbc9f3}</UniqueIdentifier>
      <Extensions>cpp;c;cxx;rc;def;r;odl;idl;hpj;bat</Extensions>
    </Filter>
    <Filter Include="Header Files">
      <UniqueIdentifier>{17a062c8-d2d9-44a1-a382-a6a6cbda4691}</UniqueIdentifier>
      <Extensions>h;hpp;hxx;hm;inl</Extensions>
    </Filter>
    <Filter Include="Resource Files">
      <UniqueIdentifier>{71e932bf-f71c-44c8-a1df-12a829d0fc25}</UniqueIdentifier>
      <Extensions>ico;cur;bmp;dlg;rc2;rct;bin;cnt;rtf;gif;jpg;jpeg;jpe</Extensions>
    </Filter>
  </ItemGroup>
  <ItemGroup>
    <ClCompile Include="Cdib.cpp">
      <Filter>Source Files</Filter>
    </ClCompile>
    <ClCompile Include="DialogShuangYu.cpp">
      <Filter>Source Files</Filter>
    </ClCompile>
    <ClCompile Include="DlgChuangkoubianhuan.cpp">
      <Filter>Source Files</Filter>
    </ClCompile>
    <ClCompile Include="DlgGuDingFaZhi.cpp">
      <Filter>Source Files</Filter>
    </ClCompile>
    <ClCompile Include="DlgZhexianbianhuan.cpp">
      <Filter>Source Files</Filter>
    </ClCompile>
    <ClCompile Include="DlgZhiFangTu.cpp">
      <Filter>Source Files</Filter>
    </ClCompile>
    <ClCompile Include="DSplit.cpp">
      <Filter>Source Files</Filter>
    </ClCompile>
    <ClCompile Include="DSplitDoc.cpp">
      <Filter>Source Files</Filter>
    </ClCompile>
    <ClCompile Include="DSplitView.cpp">
      <Filter>Source Files</Filter>
    </ClCompile>
    <ClCompile Include="DynSplitterWnd.cpp">
      <Filter>Source Files</Filter>
    </ClCompile>
    <ClCompile Include="DynSplitView2.cpp">
      <Filter>Source Files</Filter>
    </ClCompile>
    <ClCompile Include="HuiDuBianHuanDib.cpp">
      <Filter>Source Files</Filter>
    </ClCompile>
    <ClCompile Include="MainFrm.cpp">
      <Filter>Source Files</Filter>
    </ClCompile>
    <ClCompile Include="StdAfx.cpp">
      <Filter>Source Files</Filter>
    </ClCompile>
  </ItemGroup>
  <ItemGroup>
    <ResourceCompile Include="DSplit.rc">
      <Filter>Source Files</Filter>
    </ResourceCompile>
  </ItemGroup>
  <ItemGroup>
    <ClInclude Include="Cdib.h">
      <Filter>Header Files</Filter>
    </ClInclude>
    <ClInclude Include="chhhh.h">
      <Filter>Header Files</Filter>
    </ClInclude>
    <ClInclude Include="DialogShuangYu.h">
      <Filter>Header Files</Filter>
    </ClInclude>
    <ClInclude Include="DlgChuangkoubianhuan.h">
      <Filter>Header Files</Filter>
    </ClInclude>
    <ClInclude Include="DlgGuDingFaZhi.h">
      <Filter>Header Files</Filter>
    </ClInclude>
    <ClInclude Include="DlgZhexianbianhuan.h">
      <Filter>Header Files</Filter>
    </ClInclude>
    <ClInclude Include="DlgZhiFangTu.h">
      <Filter>Header Files</Filter>
    </ClInclude>
    <ClInclude Include="DSplit.h">
      <Filter>Header Files</Filter>
    </ClInclude>
    <ClInclude Include="DSplitDoc.h">
      <Filter>Header Files</Filter>
    </ClInclude>
    <ClInclude Include="DSplitView.h">
      <Filter>Header Files</Filter>
    </ClInclude>
    <ClInclude Include="DynSplitterWnd.h">
      <Filter>Header Files</Filter>
    </ClInclude>
    <ClInclude Include="DynSplitView2.h">
      <Filter>Header Files</Filter>
    </ClInclude>
    <ClInclude Include="HuiDuBianHuanDib.h">
      <Filter>Header Files</Filter>
    </ClInclude>
    <ClInclude Include="MainFrm.h">
      <Filter>Header Files</Filter>
    </ClInclude>
    <ClInclude Include="Resource.h">
      <Filter>Header Files</Filter>
    </ClInclude>
    <ClInclude Include="StdAfx.h">
      <Filter>Header Files</Filter>
    </ClInclude>
  </ItemGroup>
  <ItemGroup>
    <CustomBuild Include="res\DSplit.ico">
      <Filter>Resource Files</Filter>
    </CustomBuild>
    <CustomBuild Include="res\DSplit.rc2">
      <Filter>Resource Files</Filter>
    </CustomBuild>
    <CustomBuild Include="res\DSplitDoc.ico">
      <Filter>Resource Files</Filter>
    </CustomBuild>
    <CustomBuild Include="res\Toolbar.bmp">
      <Filter>Resource Files</Filter>
    </CustomBuild>
    <CustomBuild Include="ReadMe.txt" />
  </ItemGroup>
</Project>