<?xml version="1.0" encoding="utf-8"?>
<Project ToolsVersion="4.0" xmlns="http://schemas.microsoft.com/developer/msbuild/2003">
  <ItemGroup>
    <Filter Include="Source Files">
      <UniqueIdentifier>{41ded59e-523a-405f-8eaa-8fb6d93a6b70}</UniqueIdentifier>
      <Extensions>cpp;c;cxx;rc;def;r;odl;idl;hpj;bat</Extensions>
    </Filter>
    <Filter Include="Header Files">
      <UniqueIdentifier>{36c888fb-d9e4-48b2-940a-424e3d5e6f17}</UniqueIdentifier>
      <Extensions>h;hpp;hxx;hm;inl</Extensions>
    </Filter>
    <Filter Include="Resource Files">
      <UniqueIdentifier>{74f2fb7f-597a-46b4-8872-3e842440849e}</UniqueIdentifier>
      <Extensions>ico;cur;bmp;dlg;rc2;rct;bin;cnt;rtf;gif;jpg;jpeg;jpe</Extensions>
    </Filter>
  </ItemGroup>
  <ItemGroup>
    <ClCompile Include="Cdib.cpp">
      <Filter>Source Files</Filter>
    </ClCompile>
    <ClCompile Include="DlgPingYi.cpp">
      <Filter>Source Files</Filter>
    </ClCompile>
    <ClCompile Include="DlgSuoFang.cpp">
      <Filter>Source Files</Filter>
    </ClCompile>
    <ClCompile Include="DlgXuanZhuan.cpp">
      <Filter>Source Files</Filter>
    </ClCompile>
    <ClCompile Include="DSplit.cpp">
      <Filter>Source Files</Filter>
    </ClCompile>
    <ClCompile Include="DSplitDoc.cpp">
      <Filter>Source Files</Filter>
    </ClCompile>
    <ClCompile Include="DSplitView.cpp">
      <Filter>Source Files</Filter>
    </ClCompile>
    <ClCompile Include="DynSplitterWnd.cpp">
      <Filter>Source Files</Filter>
    </ClCompile>
    <ClCompile Include="DynSplitView2.cpp">
      <Filter>Source Files</Filter>
    </ClCompile>
    <ClCompile Include="JiHeBianHuanDib.cpp">
      <Filter>Source Files</Filter>
    </ClCompile>
    <ClCompile Include="MainFrm.cpp">
      <Filter>Source Files</Filter>
    </ClCompile>
    <ClCompile Include="StdAfx.cpp">
      <Filter>Source Files</Filter>
    </ClCompile>
  </ItemGroup>
  <ItemGroup>
    <ResourceCompile Include="DSplit.rc">
      <Filter>Source Files</Filter>
    </ResourceCompile>
  </ItemGroup>
  <ItemGroup>
    <ClInclude Include="Cdib.h">
      <Filter>Header Files</Filter>
    </ClInclude>
    <ClInclude Include="chhhh.h">
      <Filter>Header Files</Filter>
    </ClInclude>
    <ClInclude Include="DlgPingYi.h">
      <Filter>Header Files</Filter>
    </ClInclude>
    <ClInclude Include="DlgSuoFang.h">
      <Filter>Header Files</Filter>
    </ClInclude>
    <ClInclude Include="DlgXuanZhuan.h">
      <Filter>Header Files</Filter>
    </ClInclude>
    <ClInclude Include="DSplit.h">
      <Filter>Header Files</Filter>
    </ClInclude>
    <ClInclude Include="DSplitDoc.h">
      <Filter>Header Files</Filter>
    </ClInclude>
    <ClInclude Include="DSplitView.h">
      <Filter>Header Files</Filter>
    </ClInclude>
    <ClInclude Include="DynSplitterWnd.h">
      <Filter>Header Files</Filter>
    </ClInclude>
    <ClInclude Include="DynSplitView2.h">
      <Filter>Header Files</Filter>
    </ClInclude>
    <ClInclude Include="JiHeBianHuanDib.h">
      <Filter>Header Files</Filter>
    </ClInclude>
    <ClInclude Include="MainFrm.h">
      <Filter>Header Files</Filter>
    </ClInclude>
    <ClInclude Include="Resource.h">
      <Filter>Header Files</Filter>
    </ClInclude>
    <ClInclude Include="StdAfx.h">
      <Filter>Header Files</Filter>
    </ClInclude>
  </ItemGroup>
  <ItemGroup>
    <None Include="res\DSplit.ico">
      <Filter>Resource Files</Filter>
    </None>
    <None Include="res\DSplit.rc2">
      <Filter>Resource Files</Filter>
    </None>
    <None Include="res\DSplitDoc.ico">
      <Filter>Resource Files</Filter>
    </None>
    <None Include="res\Toolbar.bmp">
      <Filter>Resource Files</Filter>
    </None>
    <None Include="ReadMe.txt" />
  </ItemGroup>
</Project>